
Microsoft Visual Studio Solution File, Format Version 12.00
# Visual Studio 15
VisualStudioVersion = 15.0.27703.2042
MinimumVisualStudioVersion = 10.0.40219.1
Project("{FAE04EC0-301F-11D3-BF4B-00C04F79EFBC}") = "svnStudy", "svnStudy\svnStudy.csproj", "{10963ADB-8518-4957-BC0F-69ED2A08D1AB}"
EndProject
Global
	GlobalSection(SolutionConfigurationPlatforms) = preSolution
		Debug|Any CPU = Debug|Any CPU
		Release|Any CPU = Release|Any CPU
	EndGlobalSection
	GlobalSection(ProjectConfigurationPlatforms) = postSolution
		{10963ADB-8518-4957-BC0F-69ED2A08D1AB}.Debug|Any CPU.ActiveCfg = Debug|Any CPU
		{10963ADB-8518-4957-BC0F-69ED2A08D1AB}.Debug|Any CPU.Build.0 = Debug|Any CPU
		{10963ADB-8518-4957-BC0F-69ED2A08D1AB}.Release|Any CPU.ActiveCfg = Release|Any CPU
		{10963ADB-8518-4957-BC0F-69ED2A08D1AB}.Release|Any CPU.Build.0 = Release|Any CPU
	EndGlobalSection
	GlobalSection(SolutionProperties) = preSolution
		HideSolutionNode = FALSE
	EndGlobalSection
	GlobalSection(ExtensibilityGlobals) = postSolution
		SolutionGuid = {7497A968-14BE-483D-A113-1C07ED32458A}
	EndGlobalSection
EndGlobal
